// !$*UTF8*$!
{
	archiveVersion = 1;
	classes = {
	};
	objectVersion = 50;
	objects = {

/* Begin PBXBuildFile section */
		ABE223AD283FF7C6005BC882 /* ColorizedAppSwiftUIApp.swift in Sources */ = {isa = PBXBuildFile; fileRef = ABE223AC283FF7C6005BC882 /* ColorizedAppSwiftUIApp.swift */; };
		ABE223AF283FF7C6005BC882 /* ContentView.swift in Sources */ = {isa = PBXBuildFile; fileRef = ABE223AE283FF7C6005BC882 /* ContentView.swift */; };
		ABE223B1283FF7CA005BC882 /* Assets.xcassets in Resources */ = {isa = PBXBuildFile; fileRef = ABE223B0283FF7CA005BC882 /* Assets.xcassets */; };
		ABE223B4283FF7CA005BC882 /* Preview Assets.xcassets in Resources */ = {isa = PBXBuildFile; fileRef = ABE223B3283FF7CA005BC882 /* Preview Assets.xcassets */; };
		ABE223BC283FFCFB005BC882 /* RectangleView.swift in Sources */ = {isa = PBXBuildFile; fileRef = ABE223BB283FFCFB005BC882 /* RectangleView.swift */; };
		ABE223BE2840036B005BC882 /* SliderView.swift in Sources */ = {isa = PBXBuildFile; fileRef = ABE223BD2840036B005BC882 /* SliderView.swift */; };
/* End PBXBuildFile section */

/* Begin PBXFileReference section */
		ABE223A9283FF7C6005BC882 /* ColorizedAppSwiftUI.app */ = {isa = PBXFileReference; explicitFileType = wrapper.application; includeInIndex = 0; path = ColorizedAppSwiftUI.app; sourceTree = BUILT_PRODUCTS_DIR; };
		ABE223AC283FF7C6005BC882 /* ColorizedAppSwiftUIApp.swift */ = {isa = PBXFileReference; lastKnownFileType = sourcecode.swift; path = ColorizedAppSwiftUIApp.swift; sourceTree = "<group>"; };
		ABE223AE283FF7C6005BC882 /* ContentView.swift */ = {isa = PBXFileReference; lastKnownFileType = sourcecode.swift; path = ContentView.swift; sourceTree = "<group>"; };
		ABE223B0283FF7CA005BC882 /* Assets.xcassets */ = {isa = PBXFileReference; lastKnownFileType = folder.assetcatalog; path = Assets.xcassets; sourceTree = "<group>"; };
		ABE223B3283FF7CA005BC882 /* Preview Assets.xcassets */ = {isa = PBXFileReference; lastKnownFileType = folder.assetcatalog; path = "Preview Assets.xcassets"; sourceTree = "<group>"; };
		ABE223B5283FF7CA005BC882 /* Info.plist */ = {isa = PBXFileReference; lastKnownFileType = text.plist.xml; path = Info.plist; sourceTree = "<group>"; };
		ABE223BB283FFCFB005BC882 /* RectangleView.swift */ = {isa = PBXFileReference; lastKnownFileType = sourcecode.swift; path = RectangleView.swift; sourceTree = "<group>"; };
		ABE223BD2840036B005BC882 /* SliderView.swift */ = {isa = PBXFileReference; lastKnownFileType = sourcecode.swift; path = SliderView.swift; sourceTree = "<group>"; };
/* End PBXFileReference section */

/* Begin PBXFrameworksBuildPhase section */
		ABE223A6283FF7C6005BC882 /* Frameworks */ = {
			isa = PBXFrameworksBuildPhase;
			buildActionMask = 2147483647;
			files = (
			);
			runOnlyForDeploymentPostprocessing = 0;
		};
/* End PBXFrameworksBuildPhase section */

/* Begin PBXGroup section */
		ABE223A0283FF7C6005BC882 = {
			isa = PBXGroup;
			children = (
				ABE223AB283FF7C6005BC882 /* ColorizedAppSwiftUI */,
				ABE223AA283FF7C6005BC882 /* Products */,
			);
			sourceTree = "<group>";
		};
		ABE223AA283FF7C6005BC882 /* Products */ = {
			isa = PBXGroup;
			children = (
				ABE223A9283FF7C6005BC882 /* ColorizedAppSwiftUI.app */,
			);
			name = Products;
			sourceTree = "<group>";
		};
		ABE223AB283FF7C6005BC882 /* ColorizedAppSwiftUI */ = {
			isa = PBXGroup;
			children = (
				ABE223AC283FF7C6005BC882 /* ColorizedAppSwiftUIApp.swift */,
				ABE223AE283FF7C6005BC882 /* ContentView.swift */,
				ABE223BD2840036B005BC882 /* SliderView.swift */,
				ABE223BB283FFCFB005BC882 /* RectangleView.swift */,
				ABE223B0283FF7CA005BC882 /* Assets.xcassets */,
				ABE223B5283FF7CA005BC882 /* Info.plist */,
				ABE223B2283FF7CA005BC882 /* Preview Content */,
			);
			path = ColorizedAppSwiftUI;
			sourceTree = "<group>";
		};
		ABE223B2283FF7CA005BC882 /* Preview Content */ = {
			isa = PBXGroup;
			children = (
				ABE223B3283FF7CA005BC882 /* Preview Assets.xcassets */,
			);
			path = "Preview Content";
			sourceTree = "<group>";
		};
/* End PBXGroup section */

/* Begin PBXNativeTarget section */
		ABE223A8283FF7C6005BC882 /* ColorizedAppSwiftUI */ = {
			isa = PBXNativeTarget;
			buildConfigurationList = ABE223B8283FF7CA005BC882 /* Build configuration list for PBXNativeTarget "ColorizedAppSwiftUI" */;
			buildPhases = (
				ABE223A5283FF7C6005BC882 /* Sources */,
				ABE223A6283FF7C6005BC882 /* Frameworks */,
				ABE223A7283FF7C6005BC882 /* Resources */,
			);
			buildRules = (
			);
			dependencies = (
			);
			name = ColorizedAppSwiftUI;
			productName = ColorizedAppSwiftUI;
			productReference = ABE223A9283FF7C6005BC882 /* ColorizedAppSwiftUI.app */;
			productType = "com.apple.product-type.application";
		};
/* End PBXNativeTarget section */

/* Begin PBXProject section */
		ABE223A1283FF7C6005BC882 /* Project object */ = {
			isa = PBXProject;
			attributes = {
				LastSwiftUpdateCheck = 1250;
				LastUpgradeCheck = 1250;
				TargetAttributes = {
					ABE223A8283FF7C6005BC882 = {
						CreatedOnToolsVersion = 12.5.1;
					};
				};
			};
			buildConfigurationList = ABE223A4283FF7C6005BC882 /* Build configuration list for PBXProject "ColorizedAppSwiftUI" */;
			compatibilityVersion = "Xcode 9.3";
			developmentRegion = en;
			hasScannedForEncodings = 0;
			knownRegions = (
				en,
				Base,
			);
			mainGroup = ABE223A0283FF7C6005BC882;
			productRefGroup = ABE223AA283FF7C6005BC882 /* Products */;
			projectDirPath = "";
			projectRoot = "";
			targets = (
				ABE223A8283FF7C6005BC882 /* ColorizedAppSwiftUI */,
			);
		};
/* End PBXProject section */

/* Begin PBXResourcesBuildPhase section */
		ABE223A7283FF7C6005BC882 /* Resources */ = {
			isa = PBXResourcesBuildPhase;
			buildActionMask = 2147483647;
			files = (
				ABE223B4283FF7CA005BC882 /* Preview Assets.xcassets in Resources */,
				ABE223B1283FF7CA005BC882 /* Assets.xcassets in Resources */,
			);
			runOnlyForDeploymentPostprocessing = 0;
		};
/* End PBXResourcesBuildPhase section */

/* Begin PBXSourcesBuildPhase section */
		ABE223A5283FF7C6005BC882 /* Sources */ = {
			isa = PBXSourcesBuildPhase;
			buildActionMask = 2147483647;
			files = (
				ABE223AF283FF7C6005BC882 /* ContentView.swift in Sources */,
				ABE223BE2840036B005BC882 /* SliderView.swift in Sources */,
				ABE223AD283FF7C6005BC882 /* ColorizedAppSwiftUIApp.swift in Sources */,
				ABE223BC283FFCFB005BC882 /* RectangleView.swift in Sources */,
			);
			runOnlyForDeploymentPostprocessing = 0;
		};
/* End PBXSourcesBuildPhase section */

/* Begin XCBuildConfiguration section */
		ABE223B6283FF7CA005BC882 /* Debug */ = {
			isa = XCBuildConfiguration;
			buildSettings = {
				ALWAYS_SEARCH_USER_PATHS = NO;
				CLANG_ANALYZER_NONNULL = YES;
				CLANG_ANALYZER_NUMBER_OBJECT_CONVERSION = YES_AGGRESSIVE;
				CLANG_CXX_LANGUAGE_STANDARD = "gnu++14";
				CLANG_CXX_LIBRARY = "libc++";
				CLANG_ENABLE_MODULES = YES;
				CLANG_ENABLE_OBJC_ARC = YES;
				CLANG_ENABLE_OBJC_WEAK = YES;
				CLANG_WARN_BLOCK_CAPTURE_AUTORELEASING = YES;
				CLANG_WARN_BOOL_CONVERSION = YES;
				CLANG_WARN_COMMA = YES;
				CLANG_WARN_CONSTANT_CONVERSION = YES;
				CLANG_WARN_DEPRECATED_OBJC_IMPLEMENTATIONS = YES;
				CLANG_WARN_DIRECT_OBJC_ISA_USAGE = YES_ERROR;
				CLANG_WARN_DOCUMENTATION_COMMENTS = YES;
				CLANG_WARN_EMPTY_BODY = YES;
				CLANG_WARN_ENUM_CONVERSION = YES;
				CLANG_WARN_INFINITE_RECURSION = YES;
				CLANG_WARN_INT_CONVERSION = YES;
				CLANG_WARN_NON_LITERAL_NULL_CONVERSION = YES;
				CLANG_WARN_OBJC_IMPLICIT_RETAIN_SELF = YES;
				CLANG_WARN_OBJC_LITERAL_CONVERSION = YES;
				CLANG_WARN_OBJC_ROOT_CLASS = YES_ERROR;
				CLANG_WARN_QUOTED_INCLUDE_IN_FRAMEWORK_HEADER = YES;
				CLANG_WARN_RANGE_LOOP_ANALYSIS = YES;
				CLANG_WARN_STRICT_PROTOTYPES = YES;
				CLANG_WARN_SUSPICIOUS_MOVE = YES;
				CLANG_WARN_UNGUARDED_AVAILABILITY = YES_AGGRESSIVE;
				CLANG_WARN_UNREACHABLE_CODE = YES;
				CLANG_WARN__DUPLICATE_METHOD_MATCH = YES;
				COPY_PHASE_STRIP = NO;
				DEBUG_INFORMATION_FORMAT = dwarf;
				ENABLE_STRICT_OBJC_MSGSEND = YES;
				ENABLE_TESTABILITY = YES;
				GCC_C_LANGUAGE_STANDARD = gnu11;
				GCC_DYNAMIC_NO_PIC = NO;
				GCC_NO_COMMON_BLOCKS = YES;
				GCC_OPTIMIZATION_LEVEL = 0;
				GCC_PREPROCESSOR_DEFINITIONS = (
					"DEBUG=1",
					"$(inherited)",
				);
				GCC_WARN_64_TO_32_BIT_CONVERSION = YES;
				GCC_WARN_ABOUT_RETURN_TYPE = YES_ERROR;
				GCC_WARN_UNDECLARED_SELECTOR = YES;
				GCC_WARN_UNINITIALIZED_AUTOS = YES_AGGRESSIVE;
				GCC_WARN_UNUSED_FUNCTION = YES;
				GCC_WARN_UNUSED_VARIABLE = YES;
				IPHONEOS_DEPLOYMENT_TARGET = 14.5;
				MTL_ENABLE_DEBUG_INFO = INCLUDE_SOURCE;
				MTL_FAST_MATH = YES;
				ONLY_ACTIVE_ARCH = YES;
				SDKROOT = iphoneos;
				SWIFT_ACTIVE_COMPILATION_CONDITIONS = DEBUG;
				SWIFT_OPTIMIZATION_LEVEL = "-Onone";
			};
			name = Debug;
		};
		ABE223B7283FF7CA005BC882 /* Release */ = {
			isa = XCBuildConfiguration;
			buildSettings = {
				ALWAYS_SEARCH_USER_PATHS = NO;
				CLANG_ANALYZER_NONNULL = YES;
				CLANG_ANALYZER_NUMBER_OBJECT_CONVERSION = YES_AGGRESSIVE;
				CLANG_CXX_LANGUAGE_STANDARD = "gnu++14";
				CLANG_CXX_LIBRARY = "libc++";
				CLANG_ENABLE_MODULES = YES;
				CLANG_ENABLE_OBJC_ARC = YES;
				CLANG_ENABLE_OBJC_WEAK = YES;
				CLANG_WARN_BLOCK_CAPTURE_AUTORELEASING = YES;
				CLANG_WARN_BOOL_CONVERSION = YES;
				CLANG_WARN_COMMA = YES;
				CLANG_WARN_CONSTANT_CONVERSION = YES;
				CLANG_WARN_DEPRECATED_OBJC_IMPLEMENTATIONS = YES;
				CLANG_WARN_DIRECT_OBJC_ISA_USAGE = YES_ERROR;
				CLANG_WARN_DOCUMENTATION_COMMENTS = YES;
				CLANG_WARN_EMPTY_BODY = YES;
				CLANG_WARN_ENUM_CONVERSION = YES;
				CLANG_WARN_INFINITE_RECURSION = YES;
				CLANG_WARN_INT_CONVERSION = YES;
				CLANG_WARN_NON_LITERAL_NULL_CONVERSION = YES;
				CLANG_WARN_OBJC_IMPLICIT_RETAIN_SELF = YES;
				CLANG_WARN_OBJC_LITERAL_CONVERSION = YES;
				CLANG_WARN_OBJC_ROOT_CLASS = YES_ERROR;
				CLANG_WARN_QUOTED_INCLUDE_IN_FRAMEWORK_HEADER = YES;
				CLANG_WARN_RANGE_LOOP_ANALYSIS = YES;
				CLANG_WARN_STRICT_PROTOTYPES = YES;
				CLANG_WARN_SUSPICIOUS_MOVE = YES;
				CLANG_WARN_UNGUARDED_AVAILABILITY = YES_AGGRESSIVE;
				CLANG_WARN_UNREACHABLE_CODE = YES;
				CLANG_WARN__DUPLICATE_METHOD_MATCH = YES;
				COPY_PHASE_STRIP = NO;
				DEBUG_INFORMATION_FORMAT = "dwarf-with-dsym";
				ENABLE_NS_ASSERTIONS = NO;
				ENABLE_STRICT_OBJC_MSGSEND = YES;
				GCC_C_LANGUAGE_STANDARD = gnu11;
				GCC_NO_COMMON_BLOCKS = YES;
				GCC_WARN_64_TO_32_BIT_CONVERSION = YES;
				GCC_WARN_ABOUT_RETURN_TYPE = YES_ERROR;
				GCC_WARN_UNDECLARED_SELECTOR = YES;
				GCC_WARN_UNINITIALIZED_AUTOS = YES_AGGRESSIVE;
				GCC_WARN_UNUSED_FUNCTION = YES;
				GCC_WARN_UNUSED_VARIABLE = YES;
				IPHONEOS_DEPLOYMENT_TARGET = 14.5;
				MTL_ENABLE_DEBUG_INFO = NO;
				MTL_FAST_MATH = YES;
				SDKROOT = iphoneos;
				SWIFT_COMPILATION_MODE = wholemodule;
				SWIFT_OPTIMIZATION_LEVEL = "-O";
				VALIDATE_PRODUCT = YES;
			};
			name = Release;
		};
		ABE223B9283FF7CA005BC882 /* Debug */ = {
			isa = XCBuildConfiguration;
			buildSettings = {
				ASSETCATALOG_COMPILER_APPICON_NAME = AppIcon;
				ASSETCATALOG_COMPILER_GLOBAL_ACCENT_COLOR_NAME = AccentColor;
				CODE_SIGN_STYLE = Automatic;
				DEVELOPMENT_ASSET_PATHS = "\"ColorizedAppSwiftUI/Preview Content\"";
				DEVELOPMENT_TEAM = 2T2W877SRM;
				ENABLE_PREVIEWS = YES;
				INFOPLIST_FILE = ColorizedAppSwiftUI/Info.plist;
				IPHONEOS_DEPLOYMENT_TARGET = 14.0;
				LD_RUNPATH_SEARCH_PATHS = (
					"$(inherited)",
					"@executable_path/Frameworks",
				);
				PRODUCT_BUNDLE_IDENTIFIER = com.sharf.ColorizedAppSwiftUI;
				PRODUCT_NAME = "$(TARGET_NAME)";
				SWIFT_VERSION = 5.0;
				TARGETED_DEVICE_FAMILY = "1,2";
			};
			name = Debug;
		};
		ABE223BA283FF7CA005BC882 /* Release */ = {
			isa = XCBuildConfiguration;
			buildSettings = {
				ASSETCATALOG_COMPILER_APPICON_NAME = AppIcon;
				ASSETCATALOG_COMPILER_GLOBAL_ACCENT_COLOR_NAME = AccentColor;
				CODE_SIGN_STYLE = Automatic;
				DEVELOPMENT_ASSET_PATHS = "\"ColorizedAppSwiftUI/Preview Content\"";
				DEVELOPMENT_TEAM = 2T2W877SRM;
				ENABLE_PREVIEWS = YES;
				INFOPLIST_FILE = ColorizedAppSwiftUI/Info.plist;
				IPHONEOS_DEPLOYMENT_TARGET = 14.0;
				LD_RUNPATH_SEARCH_PATHS = (
					"$(inherited)",
					"@executable_path/Frameworks",
				);
				PRODUCT_BUNDLE_IDENTIFIER = com.sharf.ColorizedAppSwiftUI;
				PRODUCT_NAME = "$(TARGET_NAME)";
				SWIFT_VERSION = 5.0;
				TARGETED_DEVICE_FAMILY = "1,2";
			};
			name = Release;
		};
/* End XCBuildConfiguration section */

/* Begin XCConfigurationList section */
		ABE223A4283FF7C6005BC882 /* Build configuration list for PBXProject "ColorizedAppSwiftUI" */ = {
			isa = XCConfigurationList;
			buildConfigurations = (
				ABE223B6283FF7CA005BC882 /* Debug */,
				ABE223B7283FF7CA005BC882 /* Release */,
			);
			defaultConfigurationIsVisible = 0;
			defaultConfigurationName = Release;
		};
		ABE223B8283FF7CA005BC882 /* Build configuration list for PBXNativeTarget "ColorizedAppSwiftUI" */ = {
			isa = XCConfigurationList;
			buildConfigurations = (
				ABE223B9283FF7CA005BC882 /* Debug */,
				ABE223BA283FF7CA005BC882 /* Release */,
			);
			defaultConfigurationIsVisible = 0;
			defaultConfigurationName = Release;
		};
/* End XCConfigurationList section */
	};
	rootObject = ABE223A1283FF7C6005BC882 /* Project object */;
}
